
Microsoft Visual Studio Solution File, Format Version 12.00
# Visual Studio 15
VisualStudioVersion = 15.0.27004.2008
MinimumVisualStudioVersion = 10.0.40219.1
Project("{FAE04EC0-301F-11D3-BF4B-00C04F79EFBC}") = "Example", "Example\Example.csproj", "{65C96F91-E9A9-41DC-BC87-DCECEB30C602}"
EndProject
Project("{FAE04EC0-301F-11D3-BF4B-00C04F79EFBC}") = "Aljurythm", "Aljurythm\Aljurythm.csproj", "{5C635AFD-EB34-4172-A105-C98E3ED1B39B}"
EndProject
Global
	GlobalSection(SolutionConfigurationPlatforms) = preSolution
		Debug|Any CPU = Debug|Any CPU
		Release|Any CPU = Release|Any CPU
	EndGlobalSection
	GlobalSection(ProjectConfigurationPlatforms) = postSolution
		{65C96F91-E9A9-41DC-BC87-DCECEB30C602}.Debug|Any CPU.ActiveCfg = Debug|Any CPU
		{65C96F91-E9A9-41DC-BC87-DCECEB30C602}.Debug|Any CPU.Build.0 = Debug|Any CPU
		{65C96F91-E9A9-41DC-BC87-DCECEB30C602}.Release|Any CPU.ActiveCfg = Release|Any CPU
		{65C96F91-E9A9-41DC-BC87-DCECEB30C602}.Release|Any CPU.Build.0 = Release|Any CPU
		{5C635AFD-EB34-4172-A105-C98E3ED1B39B}.Debug|Any CPU.ActiveCfg = Debug|Any CPU
		{5C635AFD-EB34-4172-A105-C98E3ED1B39B}.Debug|Any CPU.Build.0 = Debug|Any CPU
		{5C635AFD-EB34-4172-A105-C98E3ED1B39B}.Release|Any CPU.ActiveCfg = Release|Any CPU
		{5C635AFD-EB34-4172-A105-C98E3ED1B39B}.Release|Any CPU.Build.0 = Release|Any CPU
	EndGlobalSection
	GlobalSection(SolutionProperties) = preSolution
		HideSolutionNode = FALSE
	EndGlobalSection
	GlobalSection(ExtensibilityGlobals) = postSolution
		SolutionGuid = {78B08C71-0636-42C2-A907-12671B7E14A9}
	EndGlobalSection
EndGlobal
